
Microsoft Visual Studio Solution File, Format Version 12.00
# Visual Studio Version 16
VisualStudioVersion = 16.0.30413.136
MinimumVisualStudioVersion = 10.0.40219.1
Project("{FAE04EC0-301F-11D3-BF4B-00C04F79EFBC}") = "Iseisev töö_Blinov", "Iseisev töö_Blinov.csproj", "{1FEAB07B-0919-40B4-8F20-CA94D5C5944F}"
EndProject
Global
	GlobalSection(SolutionConfigurationPlatforms) = preSolution
		Debug|Any CPU = Debug|Any CPU
		Release|Any CPU = Release|Any CPU
	EndGlobalSection
	GlobalSection(ProjectConfigurationPlatforms) = postSolution
		{1FEAB07B-0919-40B4-8F20-CA94D5C5944F}.Debug|Any CPU.ActiveCfg = Debug|Any CPU
		{1FEAB07B-0919-40B4-8F20-CA94D5C5944F}.Debug|Any CPU.Build.0 = Debug|Any CPU
		{1FEAB07B-0919-40B4-8F20-CA94D5C5944F}.Release|Any CPU.ActiveCfg = Release|Any CPU
		{1FEAB07B-0919-40B4-8F20-CA94D5C5944F}.Release|Any CPU.Build.0 = Release|Any CPU
	EndGlobalSection
	GlobalSection(SolutionProperties) = preSolution
		HideSolutionNode = FALSE
	EndGlobalSection
	GlobalSection(ExtensibilityGlobals) = postSolution
		SolutionGuid = {90DDE971-78CF-4659-9361-2CDDD5F5E21B}
	EndGlobalSection
EndGlobal
